
Microsoft Visual Studio Solution File, Format Version 12.00
# Visual Studio Version 17
VisualStudioVersion = 17.14.36414.22 d17.14
MinimumVisualStudioVersion = 10.0.40219.1
Project("{FAE04EC0-301F-11D3-BF4B-00C04F79EFBC}") = "Actividad27_linq", "Actividad27_linq.csproj", "{8DCA6767-04B4-4D15-B0C8-3FA89F3C80F0}"
EndProject
Global
	GlobalSection(SolutionConfigurationPlatforms) = preSolution
		Debug|Any CPU = Debug|Any CPU
		Release|Any CPU = Release|Any CPU
	EndGlobalSection
	GlobalSection(ProjectConfigurationPlatforms) = postSolution
		{8DCA6767-04B4-4D15-B0C8-3FA89F3C80F0}.Debug|Any CPU.ActiveCfg = Debug|Any CPU
		{8DCA6767-04B4-4D15-B0C8-3FA89F3C80F0}.Debug|Any CPU.Build.0 = Debug|Any CPU
		{8DCA6767-04B4-4D15-B0C8-3FA89F3C80F0}.Release|Any CPU.ActiveCfg = Release|Any CPU
		{8DCA6767-04B4-4D15-B0C8-3FA89F3C80F0}.Release|Any CPU.Build.0 = Release|Any CPU
	EndGlobalSection
	GlobalSection(SolutionProperties) = preSolution
		HideSolutionNode = FALSE
	EndGlobalSection
	GlobalSection(ExtensibilityGlobals) = postSolution
		SolutionGuid = {019F3492-B5AA-46C9-915F-C117BE6DF00E}
	EndGlobalSection
EndGlobal
