
Microsoft Visual Studio Solution File, Format Version 12.00
# Visual Studio Version 17
VisualStudioVersion = 17.14.36414.22 d17.14
MinimumVisualStudioVersion = 10.0.40219.1
Project("{FAE04EC0-301F-11D3-BF4B-00C04F79EFBC}") = "Actividad15_poo", "Actividad15_poo.csproj", "{F5699BFA-3722-43F6-949C-5945888EECE0}"
EndProject
Global
	GlobalSection(SolutionConfigurationPlatforms) = preSolution
		Debug|Any CPU = Debug|Any CPU
		Release|Any CPU = Release|Any CPU
	EndGlobalSection
	GlobalSection(ProjectConfigurationPlatforms) = postSolution
		{F5699BFA-3722-43F6-949C-5945888EECE0}.Debug|Any CPU.ActiveCfg = Debug|Any CPU
		{F5699BFA-3722-43F6-949C-5945888EECE0}.Debug|Any CPU.Build.0 = Debug|Any CPU
		{F5699BFA-3722-43F6-949C-5945888EECE0}.Release|Any CPU.ActiveCfg = Release|Any CPU
		{F5699BFA-3722-43F6-949C-5945888EECE0}.Release|Any CPU.Build.0 = Release|Any CPU
	EndGlobalSection
	GlobalSection(SolutionProperties) = preSolution
		HideSolutionNode = FALSE
	EndGlobalSection
	GlobalSection(ExtensibilityGlobals) = postSolution
		SolutionGuid = {27E50BB8-3242-4638-A8EA-82A1F5D04686}
	EndGlobalSection
EndGlobal
