
Microsoft Visual Studio Solution File, Format Version 12.00
# Visual Studio Version 17
VisualStudioVersion = 17.14.36414.22 d17.14
MinimumVisualStudioVersion = 10.0.40219.1
Project("{FAE04EC0-301F-11D3-BF4B-00C04F79EFBC}") = "Actividad18_poo", "Actividad18_poo.csproj", "{AF7E6F34-9E54-4671-A16F-0AE464E9ACD4}"
EndProject
Global
	GlobalSection(SolutionConfigurationPlatforms) = preSolution
		Debug|Any CPU = Debug|Any CPU
		Release|Any CPU = Release|Any CPU
	EndGlobalSection
	GlobalSection(ProjectConfigurationPlatforms) = postSolution
		{AF7E6F34-9E54-4671-A16F-0AE464E9ACD4}.Debug|Any CPU.ActiveCfg = Debug|Any CPU
		{AF7E6F34-9E54-4671-A16F-0AE464E9ACD4}.Debug|Any CPU.Build.0 = Debug|Any CPU
		{AF7E6F34-9E54-4671-A16F-0AE464E9ACD4}.Release|Any CPU.ActiveCfg = Release|Any CPU
		{AF7E6F34-9E54-4671-A16F-0AE464E9ACD4}.Release|Any CPU.Build.0 = Release|Any CPU
	EndGlobalSection
	GlobalSection(SolutionProperties) = preSolution
		HideSolutionNode = FALSE
	EndGlobalSection
	GlobalSection(ExtensibilityGlobals) = postSolution
		SolutionGuid = {A01763C3-14BC-45DD-97FA-E04A513763F5}
	EndGlobalSection
EndGlobal
