
Microsoft Visual Studio Solution File, Format Version 12.00
# Visual Studio Version 17
VisualStudioVersion = 17.14.36414.22 d17.14
MinimumVisualStudioVersion = 10.0.40219.1
Project("{FAE04EC0-301F-11D3-BF4B-00C04F79EFBC}") = "Actividad10", "Actividad10.csproj", "{826DBB6F-CBC2-4A39-B8B0-D97B7DF085D2}"
EndProject
Global
	GlobalSection(SolutionConfigurationPlatforms) = preSolution
		Debug|Any CPU = Debug|Any CPU
		Release|Any CPU = Release|Any CPU
	EndGlobalSection
	GlobalSection(ProjectConfigurationPlatforms) = postSolution
		{826DBB6F-CBC2-4A39-B8B0-D97B7DF085D2}.Debug|Any CPU.ActiveCfg = Debug|Any CPU
		{826DBB6F-CBC2-4A39-B8B0-D97B7DF085D2}.Debug|Any CPU.Build.0 = Debug|Any CPU
		{826DBB6F-CBC2-4A39-B8B0-D97B7DF085D2}.Release|Any CPU.ActiveCfg = Release|Any CPU
		{826DBB6F-CBC2-4A39-B8B0-D97B7DF085D2}.Release|Any CPU.Build.0 = Release|Any CPU
	EndGlobalSection
	GlobalSection(SolutionProperties) = preSolution
		HideSolutionNode = FALSE
	EndGlobalSection
	GlobalSection(ExtensibilityGlobals) = postSolution
		SolutionGuid = {DA32CB25-6CF4-4A25-BAE0-5656E64F177E}
	EndGlobalSection
EndGlobal
